// !$*UTF8*$!
{
	archiveVersion = 1;
	classes = {
	};
	objectVersion = 46;
	objects = {

/* Begin PBXBuildFile section */
		F0486A611AF0941C00B57F99 /* main.m in Sources */ = {isa = PBXBuildFile; fileRef = F0486A601AF0941C00B57F99 /* main.m */; };
		F0486A641AF0941C00B57F99 /* AppDelegate.m in Sources */ = {isa = PBXBuildFile; fileRef = F0486A631AF0941C00B57F99 /* AppDelegate.m */; };
		F0486A671AF0941C00B57F99 /* ViewController.m in Sources */ = {isa = PBXBuildFile; fileRef = F0486A661AF0941C00B57F99 /* ViewController.m */; };
		F0486A6A1AF0941C00B57F99 /* Main.storyboard in Resources */ = {isa = PBXBuildFile; fileRef = F0486A681AF0941C00B57F99 /* Main.storyboard */; };
		F0486A6C1AF0941C00B57F99 /* Images.xcassets in Resources */ = {isa = PBXBuildFile; fileRef = F0486A6B1AF0941C00B57F99 /* Images.xcassets */; };
		F0486A6F1AF0941C00B57F99 /* LaunchScreen.xib in Resources */ = {isa = PBXBuildFile; fileRef = F0486A6D1AF0941C00B57F99 /* LaunchScreen.xib */; };
		F0486A7B1AF0941C00B57F99 /* MSScrollViewTests.m in Sources */ = {isa = PBXBuildFile; fileRef = F0486A7A1AF0941C00B57F99 /* MSScrollViewTests.m */; };
		F3563E171D9BDF2B007B26D6 /* CustomerPageControl.m in Sources */ = {isa = PBXBuildFile; fileRef = F3563E131D9BDF2B007B26D6 /* CustomerPageControl.m */; };
		F3563E181D9BDF2B007B26D6 /* MSScrollView.m in Sources */ = {isa = PBXBuildFile; fileRef = F3563E151D9BDF2B007B26D6 /* MSScrollView.m */; };
		F3563E191D9BDF2B007B26D6 /* MSSource.bundle in Resources */ = {isa = PBXBuildFile; fileRef = F3563E161D9BDF2B007B26D6 /* MSSource.bundle */; };
/* End PBXBuildFile section */

/* Begin PBXContainerItemProxy section */
		F0486A751AF0941C00B57F99 /* PBXContainerItemProxy */ = {
			isa = PBXContainerItemProxy;
			containerPortal = F0486A531AF0941C00B57F99 /* Project object */;
			proxyType = 1;
			remoteGlobalIDString = F0486A5A1AF0941C00B57F99;
			remoteInfo = MSScrollView;
		};
/* End PBXContainerItemProxy section */

/* Begin PBXFileReference section */
		F0486A5B1AF0941C00B57F99 /* MSScrollView.app */ = {isa = PBXFileReference; explicitFileType = wrapper.application; includeInIndex = 0; path = MSScrollView.app; sourceTree = BUILT_PRODUCTS_DIR; };
		F0486A5F1AF0941C00B57F99 /* Info.plist */ = {isa = PBXFileReference; lastKnownFileType = text.plist.xml; path = Info.plist; sourceTree = "<group>"; };
		F0486A601AF0941C00B57F99 /* main.m */ = {isa = PBXFileReference; lastKnownFileType = sourcecode.c.objc; path = main.m; sourceTree = "<group>"; };
		F0486A621AF0941C00B57F99 /* AppDelegate.h */ = {isa = PBXFileReference; lastKnownFileType = sourcecode.c.h; path = AppDelegate.h; sourceTree = "<group>"; };
		F0486A631AF0941C00B57F99 /* AppDelegate.m */ = {isa = PBXFileReference; lastKnownFileType = sourcecode.c.objc; path = AppDelegate.m; sourceTree = "<group>"; };
		F0486A651AF0941C00B57F99 /* ViewController.h */ = {isa = PBXFileReference; lastKnownFileType = sourcecode.c.h; path = ViewController.h; sourceTree = "<group>"; };
		F0486A661AF0941C00B57F99 /* ViewController.m */ = {isa = PBXFileReference; lastKnownFileType = sourcecode.c.objc; path = ViewController.m; sourceTree = "<group>"; };
		F0486A691AF0941C00B57F99 /* Base */ = {isa = PBXFileReference; lastKnownFileType = file.storyboard; name = Base; path = Base.lproj/Main.storyboard; sourceTree = "<group>"; };
		F0486A6B1AF0941C00B57F99 /* Images.xcassets */ = {isa = PBXFileReference; lastKnownFileType = folder.assetcatalog; path = Images.xcassets; sourceTree = "<group>"; };
		F0486A6E1AF0941C00B57F99 /* Base */ = {isa = PBXFileReference; lastKnownFileType = file.xib; name = Base; path = Base.lproj/LaunchScreen.xib; sourceTree = "<group>"; };
		F0486A741AF0941C00B57F99 /* MSScrollViewTests.xctest */ = {isa = PBXFileReference; explicitFileType = wrapper.cfbundle; includeInIndex = 0; path = MSScrollViewTests.xctest; sourceTree = BUILT_PRODUCTS_DIR; };
		F0486A791AF0941C00B57F99 /* Info.plist */ = {isa = PBXFileReference; lastKnownFileType = text.plist.xml; path = Info.plist; sourceTree = "<group>"; };
		F0486A7A1AF0941C00B57F99 /* MSScrollViewTests.m */ = {isa = PBXFileReference; lastKnownFileType = sourcecode.c.objc; path = MSScrollViewTests.m; sourceTree = "<group>"; };
		F3563E121D9BDF2B007B26D6 /* CustomerPageControl.h */ = {isa = PBXFileReference; fileEncoding = 4; lastKnownFileType = sourcecode.c.h; path = CustomerPageControl.h; sourceTree = "<group>"; };
		F3563E131D9BDF2B007B26D6 /* CustomerPageControl.m */ = {isa = PBXFileReference; fileEncoding = 4; lastKnownFileType = sourcecode.c.objc; path = CustomerPageControl.m; sourceTree = "<group>"; };
		F3563E141D9BDF2B007B26D6 /* MSScrollView.h */ = {isa = PBXFileReference; fileEncoding = 4; lastKnownFileType = sourcecode.c.h; path = MSScrollView.h; sourceTree = "<group>"; };
		F3563E151D9BDF2B007B26D6 /* MSScrollView.m */ = {isa = PBXFileReference; fileEncoding = 4; lastKnownFileType = sourcecode.c.objc; path = MSScrollView.m; sourceTree = "<group>"; };
		F3563E161D9BDF2B007B26D6 /* MSSource.bundle */ = {isa = PBXFileReference; lastKnownFileType = "wrapper.plug-in"; path = MSSource.bundle; sourceTree = "<group>"; };
/* End PBXFileReference section */

/* Begin PBXFrameworksBuildPhase section */
		F0486A581AF0941C00B57F99 /* Frameworks */ = {
			isa = PBXFrameworksBuildPhase;
			buildActionMask = 2147483647;
			files = (
			);
			runOnlyForDeploymentPostprocessing = 0;
		};
		F0486A711AF0941C00B57F99 /* Frameworks */ = {
			isa = PBXFrameworksBuildPhase;
			buildActionMask = 2147483647;
			files = (
			);
			runOnlyForDeploymentPostprocessing = 0;
		};
/* End PBXFrameworksBuildPhase section */

/* Begin PBXGroup section */
		F0486A521AF0941C00B57F99 = {
			isa = PBXGroup;
			children = (
				F0486A5D1AF0941C00B57F99 /* MSScrollView */,
				F0486A771AF0941C00B57F99 /* MSScrollViewTests */,
				F0486A5C1AF0941C00B57F99 /* Products */,
			);
			sourceTree = "<group>";
		};
		F0486A5C1AF0941C00B57F99 /* Products */ = {
			isa = PBXGroup;
			children = (
				F0486A5B1AF0941C00B57F99 /* MSScrollView.app */,
				F0486A741AF0941C00B57F99 /* MSScrollViewTests.xctest */,
			);
			name = Products;
			sourceTree = "<group>";
		};
		F0486A5D1AF0941C00B57F99 /* MSScrollView */ = {
			isa = PBXGroup;
			children = (
				F3563E111D9BDF2B007B26D6 /* MSScrollViewLib */,
				F0486A621AF0941C00B57F99 /* AppDelegate.h */,
				F0486A631AF0941C00B57F99 /* AppDelegate.m */,
				F0486A651AF0941C00B57F99 /* ViewController.h */,
				F0486A661AF0941C00B57F99 /* ViewController.m */,
				F0486A681AF0941C00B57F99 /* Main.storyboard */,
				F0486A6B1AF0941C00B57F99 /* Images.xcassets */,
				F0486A6D1AF0941C00B57F99 /* LaunchScreen.xib */,
				F0486A5E1AF0941C00B57F99 /* Supporting Files */,
			);
			path = MSScrollView;
			sourceTree = "<group>";
		};
		F0486A5E1AF0941C00B57F99 /* Supporting Files */ = {
			isa = PBXGroup;
			children = (
				F0486A5F1AF0941C00B57F99 /* Info.plist */,
				F0486A601AF0941C00B57F99 /* main.m */,
			);
			name = "Supporting Files";
			sourceTree = "<group>";
		};
		F0486A771AF0941C00B57F99 /* MSScrollViewTests */ = {
			isa = PBXGroup;
			children = (
				F0486A7A1AF0941C00B57F99 /* MSScrollViewTests.m */,
				F0486A781AF0941C00B57F99 /* Supporting Files */,
			);
			path = MSScrollViewTests;
			sourceTree = "<group>";
		};
		F0486A781AF0941C00B57F99 /* Supporting Files */ = {
			isa = PBXGroup;
			children = (
				F0486A791AF0941C00B57F99 /* Info.plist */,
			);
			name = "Supporting Files";
			sourceTree = "<group>";
		};
		F3563E111D9BDF2B007B26D6 /* MSScrollViewLib */ = {
			isa = PBXGroup;
			children = (
				F3563E121D9BDF2B007B26D6 /* CustomerPageControl.h */,
				F3563E131D9BDF2B007B26D6 /* CustomerPageControl.m */,
				F3563E141D9BDF2B007B26D6 /* MSScrollView.h */,
				F3563E151D9BDF2B007B26D6 /* MSScrollView.m */,
				F3563E161D9BDF2B007B26D6 /* MSSource.bundle */,
			);
			path = MSScrollViewLib;
			sourceTree = "<group>";
		};
/* End PBXGroup section */

/* Begin PBXNativeTarget section */
		F0486A5A1AF0941C00B57F99 /* MSScrollView */ = {
			isa = PBXNativeTarget;
			buildConfigurationList = F0486A7E1AF0941C00B57F99 /* Build configuration list for PBXNativeTarget "MSScrollView" */;
			buildPhases = (
				F0486A571AF0941C00B57F99 /* Sources */,
				F0486A581AF0941C00B57F99 /* Frameworks */,
				F0486A591AF0941C00B57F99 /* Resources */,
			);
			buildRules = (
			);
			dependencies = (
			);
			name = MSScrollView;
			productName = MSScrollView;
			productReference = F0486A5B1AF0941C00B57F99 /* MSScrollView.app */;
			productType = "com.apple.product-type.application";
		};
		F0486A731AF0941C00B57F99 /* MSScrollViewTests */ = {
			isa = PBXNativeTarget;
			buildConfigurationList = F0486A811AF0941C00B57F99 /* Build configuration list for PBXNativeTarget "MSScrollViewTests" */;
			buildPhases = (
				F0486A701AF0941C00B57F99 /* Sources */,
				F0486A711AF0941C00B57F99 /* Frameworks */,
				F0486A721AF0941C00B57F99 /* Resources */,
			);
			buildRules = (
			);
			dependencies = (
				F0486A761AF0941C00B57F99 /* PBXTargetDependency */,
			);
			name = MSScrollViewTests;
			productName = MSScrollViewTests;
			productReference = F0486A741AF0941C00B57F99 /* MSScrollViewTests.xctest */;
			productType = "com.apple.product-type.bundle.unit-test";
		};
/* End PBXNativeTarget section */

/* Begin PBXProject section */
		F0486A531AF0941C00B57F99 /* Project object */ = {
			isa = PBXProject;
			attributes = {
				LastUpgradeCheck = 0700;
				ORGANIZATIONNAME = Marshal;
				TargetAttributes = {
					F0486A5A1AF0941C00B57F99 = {
						CreatedOnToolsVersion = 6.3;
					};
					F0486A731AF0941C00B57F99 = {
						CreatedOnToolsVersion = 6.3;
						TestTargetID = F0486A5A1AF0941C00B57F99;
					};
				};
			};
			buildConfigurationList = F0486A561AF0941C00B57F99 /* Build configuration list for PBXProject "MSScrollView" */;
			compatibilityVersion = "Xcode 3.2";
			developmentRegion = English;
			hasScannedForEncodings = 0;
			knownRegions = (
				en,
				Base,
			);
			mainGroup = F0486A521AF0941C00B57F99;
			productRefGroup = F0486A5C1AF0941C00B57F99 /* Products */;
			projectDirPath = "";
			projectRoot = "";
			targets = (
				F0486A5A1AF0941C00B57F99 /* MSScrollView */,
				F0486A731AF0941C00B57F99 /* MSScrollViewTests */,
			);
		};
/* End PBXProject section */

/* Begin PBXResourcesBuildPhase section */
		F0486A591AF0941C00B57F99 /* Resources */ = {
			isa = PBXResourcesBuildPhase;
			buildActionMask = 2147483647;
			files = (
				F3563E191D9BDF2B007B26D6 /* MSSource.bundle in Resources */,
				F0486A6A1AF0941C00B57F99 /* Main.storyboard in Resources */,
				F0486A6F1AF0941C00B57F99 /* LaunchScreen.xib in Resources */,
				F0486A6C1AF0941C00B57F99 /* Images.xcassets in Resources */,
			);
			runOnlyForDeploymentPostprocessing = 0;
		};
		F0486A721AF0941C00B57F99 /* Resources */ = {
			isa = PBXResourcesBuildPhase;
			buildActionMask = 2147483647;
			files = (
			);
			runOnlyForDeploymentPostprocessing = 0;
		};
/* End PBXResourcesBuildPhase section */

/* Begin PBXSourcesBuildPhase section */
		F0486A571AF0941C00B57F99 /* Sources */ = {
			isa = PBXSourcesBuildPhase;
			buildActionMask = 2147483647;
			files = (
				F3563E181D9BDF2B007B26D6 /* MSScrollView.m in Sources */,
				F3563E171D9BDF2B007B26D6 /* CustomerPageControl.m in Sources */,
				F0486A671AF0941C00B57F99 /* ViewController.m in Sources */,
				F0486A641AF0941C00B57F99 /* AppDelegate.m in Sources */,
				F0486A611AF0941C00B57F99 /* main.m in Sources */,
			);
			runOnlyForDeploymentPostprocessing = 0;
		};
		F0486A701AF0941C00B57F99 /* Sources */ = {
			isa = PBXSourcesBuildPhase;
			buildActionMask = 2147483647;
			files = (
				F0486A7B1AF0941C00B57F99 /* MSScrollViewTests.m in Sources */,
			);
			runOnlyForDeploymentPostprocessing = 0;
		};
/* End PBXSourcesBuildPhase section */

/* Begin PBXTargetDependency section */
		F0486A761AF0941C00B57F99 /* PBXTargetDependency */ = {
			isa = PBXTargetDependency;
			target = F0486A5A1AF0941C00B57F99 /* MSScrollView */;
			targetProxy = F0486A751AF0941C00B57F99 /* PBXContainerItemProxy */;
		};
/* End PBXTargetDependency section */

/* Begin PBXVariantGroup section */
		F0486A681AF0941C00B57F99 /* Main.storyboard */ = {
			isa = PBXVariantGroup;
			children = (
				F0486A691AF0941C00B57F99 /* Base */,
			);
			name = Main.storyboard;
			sourceTree = "<group>";
		};
		F0486A6D1AF0941C00B57F99 /* LaunchScreen.xib */ = {
			isa = PBXVariantGroup;
			children = (
				F0486A6E1AF0941C00B57F99 /* Base */,
			);
			name = LaunchScreen.xib;
			sourceTree = "<group>";
		};
/* End PBXVariantGroup section */

/* Begin XCBuildConfiguration section */
		F0486A7C1AF0941C00B57F99 /* Debug */ = {
			isa = XCBuildConfiguration;
			buildSettings = {
				ALWAYS_SEARCH_USER_PATHS = NO;
				CLANG_CXX_LANGUAGE_STANDARD = "gnu++0x";
				CLANG_CXX_LIBRARY = "libc++";
				CLANG_ENABLE_MODULES = YES;
				CLANG_ENABLE_OBJC_ARC = YES;
				CLANG_WARN_BOOL_CONVERSION = YES;
				CLANG_WARN_CONSTANT_CONVERSION = YES;
				CLANG_WARN_DIRECT_OBJC_ISA_USAGE = YES_ERROR;
				CLANG_WARN_EMPTY_BODY = YES;
				CLANG_WARN_ENUM_CONVERSION = YES;
				CLANG_WARN_INT_CONVERSION = YES;
				CLANG_WARN_OBJC_ROOT_CLASS = YES_ERROR;
				CLANG_WARN_UNREACHABLE_CODE = YES;
				CLANG_WARN__DUPLICATE_METHOD_MATCH = YES;
				"CODE_SIGN_IDENTITY[sdk=iphoneos*]" = "iPhone Developer";
				COPY_PHASE_STRIP = NO;
				DEBUG_INFORMATION_FORMAT = "dwarf-with-dsym";
				ENABLE_STRICT_OBJC_MSGSEND = YES;
				ENABLE_TESTABILITY = YES;
				GCC_C_LANGUAGE_STANDARD = gnu99;
				GCC_DYNAMIC_NO_PIC = NO;
				GCC_NO_COMMON_BLOCKS = YES;
				GCC_OPTIMIZATION_LEVEL = 0;
				GCC_PREPROCESSOR_DEFINITIONS = (
					"DEBUG=1",
					"$(inherited)",
				);
				GCC_SYMBOLS_PRIVATE_EXTERN = NO;
				GCC_WARN_64_TO_32_BIT_CONVERSION = YES;
				GCC_WARN_ABOUT_RETURN_TYPE = YES_ERROR;
				GCC_WARN_UNDECLARED_SELECTOR = YES;
				GCC_WARN_UNINITIALIZED_AUTOS = YES_AGGRESSIVE;
				GCC_WARN_UNUSED_FUNCTION = YES;
				GCC_WARN_UNUSED_VARIABLE = YES;
				IPHONEOS_DEPLOYMENT_TARGET = 8.3;
				MTL_ENABLE_DEBUG_INFO = YES;
				ONLY_ACTIVE_ARCH = YES;
				SDKROOT = iphoneos;
			};
			name = Debug;
		};
		F0486A7D1AF0941C00B57F99 /* Release */ = {
			isa = XCBuildConfiguration;
			buildSettings = {
				ALWAYS_SEARCH_USER_PATHS = NO;
				CLANG_CXX_LANGUAGE_STANDARD = "gnu++0x";
				CLANG_CXX_LIBRARY = "libc++";
				CLANG_ENABLE_MODULES = YES;
				CLANG_ENABLE_OBJC_ARC = YES;
				CLANG_WARN_BOOL_CONVERSION = YES;
				CLANG_WARN_CONSTANT_CONVERSION = YES;
				CLANG_WARN_DIRECT_OBJC_ISA_USAGE = YES_ERROR;
				CLANG_WARN_EMPTY_BODY = YES;
				CLANG_WARN_ENUM_CONVERSION = YES;
				CLANG_WARN_INT_CONVERSION = YES;
				CLANG_WARN_OBJC_ROOT_CLASS = YES_ERROR;
				CLANG_WARN_UNREACHABLE_CODE = YES;
				CLANG_WARN__DUPLICATE_METHOD_MATCH = YES;
				"CODE_SIGN_IDENTITY[sdk=iphoneos*]" = "iPhone Developer";
				COPY_PHASE_STRIP = NO;
				DEBUG_INFORMATION_FORMAT = "dwarf-with-dsym";
				ENABLE_NS_ASSERTIONS = NO;
				ENABLE_STRICT_OBJC_MSGSEND = YES;
				GCC_C_LANGUAGE_STANDARD = gnu99;
				GCC_NO_COMMON_BLOCKS = YES;
				GCC_WARN_64_TO_32_BIT_CONVERSION = YES;
				GCC_WARN_ABOUT_RETURN_TYPE = YES_ERROR;
				GCC_WARN_UNDECLARED_SELECTOR = YES;
				GCC_WARN_UNINITIALIZED_AUTOS = YES_AGGRESSIVE;
				GCC_WARN_UNUSED_FUNCTION = YES;
				GCC_WARN_UNUSED_VARIABLE = YES;
				IPHONEOS_DEPLOYMENT_TARGET = 8.3;
				MTL_ENABLE_DEBUG_INFO = NO;
				SDKROOT = iphoneos;
				VALIDATE_PRODUCT = YES;
			};
			name = Release;
		};
		F0486A7F1AF0941C00B57F99 /* Debug */ = {
			isa = XCBuildConfiguration;
			buildSettings = {
				ASSETCATALOG_COMPILER_APPICON_NAME = AppIcon;
				INFOPLIST_FILE = MSScrollView/Info.plist;
				IPHONEOS_DEPLOYMENT_TARGET = 8.2;
				LD_RUNPATH_SEARCH_PATHS = "$(inherited) @executable_path/Frameworks";
				ONLY_ACTIVE_ARCH = NO;
				PRODUCT_BUNDLE_IDENTIFIER = "com.Gobeta.$(PRODUCT_NAME:rfc1034identifier)";
				PRODUCT_NAME = "$(TARGET_NAME)";
			};
			name = Debug;
		};
		F0486A801AF0941C00B57F99 /* Release */ = {
			isa = XCBuildConfiguration;
			buildSettings = {
				ASSETCATALOG_COMPILER_APPICON_NAME = AppIcon;
				INFOPLIST_FILE = MSScrollView/Info.plist;
				IPHONEOS_DEPLOYMENT_TARGET = 8.2;
				LD_RUNPATH_SEARCH_PATHS = "$(inherited) @executable_path/Frameworks";
				PRODUCT_BUNDLE_IDENTIFIER = "com.Gobeta.$(PRODUCT_NAME:rfc1034identifier)";
				PRODUCT_NAME = "$(TARGET_NAME)";
			};
			name = Release;
		};
		F0486A821AF0941C00B57F99 /* Debug */ = {
			isa = XCBuildConfiguration;
			buildSettings = {
				BUNDLE_LOADER = "$(TEST_HOST)";
				FRAMEWORK_SEARCH_PATHS = (
					"$(SDKROOT)/Developer/Library/Frameworks",
					"$(inherited)",
				);
				GCC_PREPROCESSOR_DEFINITIONS = (
					"DEBUG=1",
					"$(inherited)",
				);
				INFOPLIST_FILE = MSScrollViewTests/Info.plist;
				LD_RUNPATH_SEARCH_PATHS = "$(inherited) @executable_path/Frameworks @loader_path/Frameworks";
				PRODUCT_BUNDLE_IDENTIFIER = "com.Gobeta.$(PRODUCT_NAME:rfc1034identifier)";
				PRODUCT_NAME = "$(TARGET_NAME)";
				TEST_HOST = "$(BUILT_PRODUCTS_DIR)/MSScrollView.app/MSScrollView";
			};
			name = Debug;
		};
		F0486A831AF0941C00B57F99 /* Release */ = {
			isa = XCBuildConfiguration;
			buildSettings = {
				BUNDLE_LOADER = "$(TEST_HOST)";
				FRAMEWORK_SEARCH_PATHS = (
					"$(SDKROOT)/Developer/Library/Frameworks",
					"$(inherited)",
				);
				INFOPLIST_FILE = MSScrollViewTests/Info.plist;
				LD_RUNPATH_SEARCH_PATHS = "$(inherited) @executable_path/Frameworks @loader_path/Frameworks";
				PRODUCT_BUNDLE_IDENTIFIER = "com.Gobeta.$(PRODUCT_NAME:rfc1034identifier)";
				PRODUCT_NAME = "$(TARGET_NAME)";
				TEST_HOST = "$(BUILT_PRODUCTS_DIR)/MSScrollView.app/MSScrollView";
			};
			name = Release;
		};
/* End XCBuildConfiguration section */

/* Begin XCConfigurationList section */
		F0486A561AF0941C00B57F99 /* Build configuration list for PBXProject "MSScrollView" */ = {
			isa = XCConfigurationList;
			buildConfigurations = (
				F0486A7C1AF0941C00B57F99 /* Debug */,
				F0486A7D1AF0941C00B57F99 /* Release */,
			);
			defaultConfigurationIsVisible = 0;
			defaultConfigurationName = Release;
		};
		F0486A7E1AF0941C00B57F99 /* Build configuration list for PBXNativeTarget "MSScrollView" */ = {
			isa = XCConfigurationList;
			buildConfigurations = (
				F0486A7F1AF0941C00B57F99 /* Debug */,
				F0486A801AF0941C00B57F99 /* Release */,
			);
			defaultConfigurationIsVisible = 0;
			defaultConfigurationName = Release;
		};
		F0486A811AF0941C00B57F99 /* Build configuration list for PBXNativeTarget "MSScrollViewTests" */ = {
			isa = XCConfigurationList;
			buildConfigurations = (
				F0486A821AF0941C00B57F99 /* Debug */,
				F0486A831AF0941C00B57F99 /* Release */,
			);
			defaultConfigurationIsVisible = 0;
			defaultConfigurationName = Release;
		};
/* End XCConfigurationList section */
	};
	rootObject = F0486A531AF0941C00B57F99 /* Project object */;
}
